Microsoft Visual Studio Solution File, Format Version 12.00
# Visual Studio Version 17
VisualStudioVersion = 17.5.2.0
MinimumVisualStudioVersion = 10.0.40219.1
Project("{FAE04EC0-301F-11D3-BF4B-00C04F79EFBC}") = "github-pr-review-mcp", "github-pr-review-mcp\github-pr-review-mcp.csproj", "{50F02EEF-8BFA-7D71-0E8C-55A421E2B017}"
EndProject
Global
	GlobalSection(SolutionConfigurationPlatforms) = preSolution
		Debug|Any CPU = Debug|Any CPU
		Release|Any CPU = Release|Any CPU
	EndGlobalSection
	GlobalSection(ProjectConfigurationPlatforms) = postSolution
		{50F02EEF-8BFA-7D71-0E8C-55A421E2B017}.Debug|Any CPU.ActiveCfg = Debug|Any CPU
		{50F02EEF-8BFA-7D71-0E8C-55A421E2B017}.Debug|Any CPU.Build.0 = Debug|Any CPU
		{50F02EEF-8BFA-7D71-0E8C-55A421E2B017}.Release|Any CPU.ActiveCfg = Release|Any CPU
		{50F02EEF-8BFA-7D71-0E8C-55A421E2B017}.Release|Any CPU.Build.0 = Release|Any CPU
	EndGlobalSection
	GlobalSection(SolutionProperties) = preSolution
		HideSolutionNode = FALSE
	EndGlobalSection
	GlobalSection(ExtensibilityGlobals) = postSolution
		SolutionGuid = {C68D2AEF-4C29-44EE-AF44-008111A523F1}
	EndGlobalSection
EndGlobal
